
Microsoft Visual Studio Solution File, Format Version 12.00
# Visual Studio 15
VisualStudioVersion = 15.0.28307.572
MinimumVisualStudioVersion = 10.0.40219.1
Project("{FAE04EC0-301F-11D3-BF4B-00C04F79EFBC}") = "Exercicio043", "Exercicio043\Exercicio043.csproj", "{F4047BB9-8B36-4A6F-B5ED-3B5ECDEEB6CC}"
EndProject
Global
	GlobalSection(SolutionConfigurationPlatforms) = preSolution
		Debug|Any CPU = Debug|Any CPU
		Release|Any CPU = Release|Any CPU
	EndGlobalSection
	GlobalSection(ProjectConfigurationPlatforms) = postSolution
		{F4047BB9-8B36-4A6F-B5ED-3B5ECDEEB6CC}.Debug|Any CPU.ActiveCfg = Debug|Any CPU
		{F4047BB9-8B36-4A6F-B5ED-3B5ECDEEB6CC}.Debug|Any CPU.Build.0 = Debug|Any CPU
		{F4047BB9-8B36-4A6F-B5ED-3B5ECDEEB6CC}.Release|Any CPU.ActiveCfg = Release|Any CPU
		{F4047BB9-8B36-4A6F-B5ED-3B5ECDEEB6CC}.Release|Any CPU.Build.0 = Release|Any CPU
	EndGlobalSection
	GlobalSection(SolutionProperties) = preSolution
		HideSolutionNode = FALSE
	EndGlobalSection
	GlobalSection(ExtensibilityGlobals) = postSolution
		SolutionGuid = {255BD2BF-07D3-4F0D-841F-956F075E8FA5}
	EndGlobalSection
EndGlobal
