
Microsoft Visual Studio Solution File, Format Version 12.00
# Visual Studio 15
VisualStudioVersion = 15.0.28307.572
MinimumVisualStudioVersion = 10.0.40219.1
Project("{FAE04EC0-301F-11D3-BF4B-00C04F79EFBC}") = "Exercicio026", "Exercicio026\Exercicio026.csproj", "{377A5754-F591-4C7E-99EC-073B4A45982B}"
EndProject
Global
	GlobalSection(SolutionConfigurationPlatforms) = preSolution
		Debug|Any CPU = Debug|Any CPU
		Release|Any CPU = Release|Any CPU
	EndGlobalSection
	GlobalSection(ProjectConfigurationPlatforms) = postSolution
		{377A5754-F591-4C7E-99EC-073B4A45982B}.Debug|Any CPU.ActiveCfg = Debug|Any CPU
		{377A5754-F591-4C7E-99EC-073B4A45982B}.Debug|Any CPU.Build.0 = Debug|Any CPU
		{377A5754-F591-4C7E-99EC-073B4A45982B}.Release|Any CPU.ActiveCfg = Release|Any CPU
		{377A5754-F591-4C7E-99EC-073B4A45982B}.Release|Any CPU.Build.0 = Release|Any CPU
	EndGlobalSection
	GlobalSection(SolutionProperties) = preSolution
		HideSolutionNode = FALSE
	EndGlobalSection
	GlobalSection(ExtensibilityGlobals) = postSolution
		SolutionGuid = {50F3C847-43EE-48AE-8E1A-F2E8CE93088B}
	EndGlobalSection
EndGlobal
