
Microsoft Visual Studio Solution File, Format Version 12.00
# Visual Studio 15
VisualStudioVersion = 15.0.28307.572
MinimumVisualStudioVersion = 10.0.40219.1
Project("{FAE04EC0-301F-11D3-BF4B-00C04F79EFBC}") = "Exercicio004", "Exercicio004\Exercicio004.csproj", "{63A72C1A-A7B4-4813-89DE-980CA43752CB}"
EndProject
Global
	GlobalSection(SolutionConfigurationPlatforms) = preSolution
		Debug|Any CPU = Debug|Any CPU
		Release|Any CPU = Release|Any CPU
	EndGlobalSection
	GlobalSection(ProjectConfigurationPlatforms) = postSolution
		{63A72C1A-A7B4-4813-89DE-980CA43752CB}.Debug|Any CPU.ActiveCfg = Debug|Any CPU
		{63A72C1A-A7B4-4813-89DE-980CA43752CB}.Debug|Any CPU.Build.0 = Debug|Any CPU
		{63A72C1A-A7B4-4813-89DE-980CA43752CB}.Release|Any CPU.ActiveCfg = Release|Any CPU
		{63A72C1A-A7B4-4813-89DE-980CA43752CB}.Release|Any CPU.Build.0 = Release|Any CPU
	EndGlobalSection
	GlobalSection(SolutionProperties) = preSolution
		HideSolutionNode = FALSE
	EndGlobalSection
	GlobalSection(ExtensibilityGlobals) = postSolution
		SolutionGuid = {4E082E2F-0037-488F-8977-16AD12DC0FBB}
	EndGlobalSection
EndGlobal
