
Microsoft Visual Studio Solution File, Format Version 12.00
# Visual Studio 15
VisualStudioVersion = 15.0.28307.572
MinimumVisualStudioVersion = 10.0.40219.1
Project("{FAE04EC0-301F-11D3-BF4B-00C04F79EFBC}") = "Exercicio029", "Exercicio029\Exercicio029.csproj", "{0A49D073-D033-4E3D-9B72-92F8AC55108B}"
EndProject
Global
	GlobalSection(SolutionConfigurationPlatforms) = preSolution
		Debug|Any CPU = Debug|Any CPU
		Release|Any CPU = Release|Any CPU
	EndGlobalSection
	GlobalSection(ProjectConfigurationPlatforms) = postSolution
		{0A49D073-D033-4E3D-9B72-92F8AC55108B}.Debug|Any CPU.ActiveCfg = Debug|Any CPU
		{0A49D073-D033-4E3D-9B72-92F8AC55108B}.Debug|Any CPU.Build.0 = Debug|Any CPU
		{0A49D073-D033-4E3D-9B72-92F8AC55108B}.Release|Any CPU.ActiveCfg = Release|Any CPU
		{0A49D073-D033-4E3D-9B72-92F8AC55108B}.Release|Any CPU.Build.0 = Release|Any CPU
	EndGlobalSection
	GlobalSection(SolutionProperties) = preSolution
		HideSolutionNode = FALSE
	EndGlobalSection
	GlobalSection(ExtensibilityGlobals) = postSolution
		SolutionGuid = {4282AA49-F4CC-4694-B2CC-EC911338874D}
	EndGlobalSection
EndGlobal
