
Microsoft Visual Studio Solution File, Format Version 12.00
# Visual Studio 15
VisualStudioVersion = 15.0.28307.572
MinimumVisualStudioVersion = 10.0.40219.1
Project("{FAE04EC0-301F-11D3-BF4B-00C04F79EFBC}") = "Exercicio048", "Exercicio048\Exercicio048.csproj", "{6B449A85-83E9-405C-8071-97F35849C936}"
EndProject
Global
	GlobalSection(SolutionConfigurationPlatforms) = preSolution
		Debug|Any CPU = Debug|Any CPU
		Release|Any CPU = Release|Any CPU
	EndGlobalSection
	GlobalSection(ProjectConfigurationPlatforms) = postSolution
		{6B449A85-83E9-405C-8071-97F35849C936}.Debug|Any CPU.ActiveCfg = Debug|Any CPU
		{6B449A85-83E9-405C-8071-97F35849C936}.Debug|Any CPU.Build.0 = Debug|Any CPU
		{6B449A85-83E9-405C-8071-97F35849C936}.Release|Any CPU.ActiveCfg = Release|Any CPU
		{6B449A85-83E9-405C-8071-97F35849C936}.Release|Any CPU.Build.0 = Release|Any CPU
	EndGlobalSection
	GlobalSection(SolutionProperties) = preSolution
		HideSolutionNode = FALSE
	EndGlobalSection
	GlobalSection(ExtensibilityGlobals) = postSolution
		SolutionGuid = {8C6DDD29-A58F-4CE4-BF4A-CF5E1D33CFE5}
	EndGlobalSection
EndGlobal
