
Microsoft Visual Studio Solution File, Format Version 12.00
# Visual Studio 15
VisualStudioVersion = 15.0.28307.572
MinimumVisualStudioVersion = 10.0.40219.1
Project("{FAE04EC0-301F-11D3-BF4B-00C04F79EFBC}") = "Exercicio028", "Exercicio028\Exercicio028.csproj", "{D490EC0B-5273-42B5-8101-C33C2DFB0B11}"
EndProject
Global
	GlobalSection(SolutionConfigurationPlatforms) = preSolution
		Debug|Any CPU = Debug|Any CPU
		Release|Any CPU = Release|Any CPU
	EndGlobalSection
	GlobalSection(ProjectConfigurationPlatforms) = postSolution
		{D490EC0B-5273-42B5-8101-C33C2DFB0B11}.Debug|Any CPU.ActiveCfg = Debug|Any CPU
		{D490EC0B-5273-42B5-8101-C33C2DFB0B11}.Debug|Any CPU.Build.0 = Debug|Any CPU
		{D490EC0B-5273-42B5-8101-C33C2DFB0B11}.Release|Any CPU.ActiveCfg = Release|Any CPU
		{D490EC0B-5273-42B5-8101-C33C2DFB0B11}.Release|Any CPU.Build.0 = Release|Any CPU
	EndGlobalSection
	GlobalSection(SolutionProperties) = preSolution
		HideSolutionNode = FALSE
	EndGlobalSection
	GlobalSection(ExtensibilityGlobals) = postSolution
		SolutionGuid = {E9B19BC3-049D-4C5B-ADA8-0580C0EFCC27}
	EndGlobalSection
EndGlobal
