
Microsoft Visual Studio Solution File, Format Version 12.00
# Visual Studio 15
VisualStudioVersion = 15.0.28307.572
MinimumVisualStudioVersion = 10.0.40219.1
Project("{FAE04EC0-301F-11D3-BF4B-00C04F79EFBC}") = "Exercicio049", "Exercicio049\Exercicio049.csproj", "{53EDF6A8-7284-480E-80EB-AFD69DD863DC}"
EndProject
Global
	GlobalSection(SolutionConfigurationPlatforms) = preSolution
		Debug|Any CPU = Debug|Any CPU
		Release|Any CPU = Release|Any CPU
	EndGlobalSection
	GlobalSection(ProjectConfigurationPlatforms) = postSolution
		{53EDF6A8-7284-480E-80EB-AFD69DD863DC}.Debug|Any CPU.ActiveCfg = Debug|Any CPU
		{53EDF6A8-7284-480E-80EB-AFD69DD863DC}.Debug|Any CPU.Build.0 = Debug|Any CPU
		{53EDF6A8-7284-480E-80EB-AFD69DD863DC}.Release|Any CPU.ActiveCfg = Release|Any CPU
		{53EDF6A8-7284-480E-80EB-AFD69DD863DC}.Release|Any CPU.Build.0 = Release|Any CPU
	EndGlobalSection
	GlobalSection(SolutionProperties) = preSolution
		HideSolutionNode = FALSE
	EndGlobalSection
	GlobalSection(ExtensibilityGlobals) = postSolution
		SolutionGuid = {009BB19A-6E25-4422-BA30-C2227E5DC54E}
	EndGlobalSection
EndGlobal
