
Microsoft Visual Studio Solution File, Format Version 12.00
# Visual Studio 15
VisualStudioVersion = 15.0.28307.572
MinimumVisualStudioVersion = 10.0.40219.1
Project("{FAE04EC0-301F-11D3-BF4B-00C04F79EFBC}") = "Exercicio027", "Exercicio027\Exercicio027.csproj", "{D683712E-E28C-4610-A613-88F00777E5DC}"
EndProject
Global
	GlobalSection(SolutionConfigurationPlatforms) = preSolution
		Debug|Any CPU = Debug|Any CPU
		Release|Any CPU = Release|Any CPU
	EndGlobalSection
	GlobalSection(ProjectConfigurationPlatforms) = postSolution
		{D683712E-E28C-4610-A613-88F00777E5DC}.Debug|Any CPU.ActiveCfg = Debug|Any CPU
		{D683712E-E28C-4610-A613-88F00777E5DC}.Debug|Any CPU.Build.0 = Debug|Any CPU
		{D683712E-E28C-4610-A613-88F00777E5DC}.Release|Any CPU.ActiveCfg = Release|Any CPU
		{D683712E-E28C-4610-A613-88F00777E5DC}.Release|Any CPU.Build.0 = Release|Any CPU
	EndGlobalSection
	GlobalSection(SolutionProperties) = preSolution
		HideSolutionNode = FALSE
	EndGlobalSection
	GlobalSection(ExtensibilityGlobals) = postSolution
		SolutionGuid = {6ED22A8F-717B-41EF-BA2A-FDD0B38A2A02}
	EndGlobalSection
EndGlobal
