
Microsoft Visual Studio Solution File, Format Version 12.00
# Visual Studio 15
VisualStudioVersion = 15.0.28307.572
MinimumVisualStudioVersion = 10.0.40219.1
Project("{FAE04EC0-301F-11D3-BF4B-00C04F79EFBC}") = "Exercicio039", "Exercicio039\Exercicio039.csproj", "{50095E71-6BEA-461C-AAD6-29A7D28AB5FB}"
EndProject
Global
	GlobalSection(SolutionConfigurationPlatforms) = preSolution
		Debug|Any CPU = Debug|Any CPU
		Release|Any CPU = Release|Any CPU
	EndGlobalSection
	GlobalSection(ProjectConfigurationPlatforms) = postSolution
		{50095E71-6BEA-461C-AAD6-29A7D28AB5FB}.Debug|Any CPU.ActiveCfg = Debug|Any CPU
		{50095E71-6BEA-461C-AAD6-29A7D28AB5FB}.Debug|Any CPU.Build.0 = Debug|Any CPU
		{50095E71-6BEA-461C-AAD6-29A7D28AB5FB}.Release|Any CPU.ActiveCfg = Release|Any CPU
		{50095E71-6BEA-461C-AAD6-29A7D28AB5FB}.Release|Any CPU.Build.0 = Release|Any CPU
	EndGlobalSection
	GlobalSection(SolutionProperties) = preSolution
		HideSolutionNode = FALSE
	EndGlobalSection
	GlobalSection(ExtensibilityGlobals) = postSolution
		SolutionGuid = {EDC961CC-B1A7-48F0-91E9-D786B82E40AD}
	EndGlobalSection
EndGlobal
