
Microsoft Visual Studio Solution File, Format Version 12.00
# Visual Studio 15
VisualStudioVersion = 15.0.28307.572
MinimumVisualStudioVersion = 10.0.40219.1
Project("{FAE04EC0-301F-11D3-BF4B-00C04F79EFBC}") = "Exercicio005", "Exercicio005\Exercicio005.csproj", "{76AF9762-65D1-40BF-B8C9-62CA482AAB39}"
EndProject
Global
	GlobalSection(SolutionConfigurationPlatforms) = preSolution
		Debug|Any CPU = Debug|Any CPU
		Release|Any CPU = Release|Any CPU
	EndGlobalSection
	GlobalSection(ProjectConfigurationPlatforms) = postSolution
		{76AF9762-65D1-40BF-B8C9-62CA482AAB39}.Debug|Any CPU.ActiveCfg = Debug|Any CPU
		{76AF9762-65D1-40BF-B8C9-62CA482AAB39}.Debug|Any CPU.Build.0 = Debug|Any CPU
		{76AF9762-65D1-40BF-B8C9-62CA482AAB39}.Release|Any CPU.ActiveCfg = Release|Any CPU
		{76AF9762-65D1-40BF-B8C9-62CA482AAB39}.Release|Any CPU.Build.0 = Release|Any CPU
	EndGlobalSection
	GlobalSection(SolutionProperties) = preSolution
		HideSolutionNode = FALSE
	EndGlobalSection
	GlobalSection(ExtensibilityGlobals) = postSolution
		SolutionGuid = {C0BBD1EB-4AC0-4CC5-AD81-8B01E4C43563}
	EndGlobalSection
EndGlobal
