
Microsoft Visual Studio Solution File, Format Version 12.00
# Visual Studio 15
VisualStudioVersion = 15.0.28307.1800
MinimumVisualStudioVersion = 10.0.40219.1
Project("{FAE04EC0-301F-11D3-BF4B-00C04F79EFBC}") = "Exercicio005", "Exercicio005\Exercicio005.csproj", "{0AD496CB-DA86-4E1C-A699-3C50E3632004}"
EndProject
Global
	GlobalSection(SolutionConfigurationPlatforms) = preSolution
		Debug|Any CPU = Debug|Any CPU
		Release|Any CPU = Release|Any CPU
	EndGlobalSection
	GlobalSection(ProjectConfigurationPlatforms) = postSolution
		{0AD496CB-DA86-4E1C-A699-3C50E3632004}.Debug|Any CPU.ActiveCfg = Debug|Any CPU
		{0AD496CB-DA86-4E1C-A699-3C50E3632004}.Debug|Any CPU.Build.0 = Debug|Any CPU
		{0AD496CB-DA86-4E1C-A699-3C50E3632004}.Release|Any CPU.ActiveCfg = Release|Any CPU
		{0AD496CB-DA86-4E1C-A699-3C50E3632004}.Release|Any CPU.Build.0 = Release|Any CPU
	EndGlobalSection
	GlobalSection(SolutionProperties) = preSolution
		HideSolutionNode = FALSE
	EndGlobalSection
	GlobalSection(ExtensibilityGlobals) = postSolution
		SolutionGuid = {E57D0DB4-986D-4D81-84A4-7B49E1EFBCA8}
	EndGlobalSection
EndGlobal
